
Microsoft Visual Studio Solution File, Format Version 12.00
# Visual Studio 14
VisualStudioVersion = 14.0.24720.0
MinimumVisualStudioVersion = 10.0.40219.1
Project("{8BC9CEB8-8B4A-11D0-8D11-00A0C91BC942}") = "Problem22", "Problem22\Problem22.vcxproj", "{F1A98FDC-CDF5-4874-80D3-513A93B343F2}"
EndProject
Project("{8BC9CEB8-8B4A-11D0-8D11-00A0C91BC942}") = "Problem24", "Problem24\Problem24.vcxproj", "{50D771F1-2DE4-43FB-879E-A3EAB381CB9B}"
EndProject
Project("{8BC9CEB8-8B4A-11D0-8D11-00A0C91BC942}") = "Problem27", "Problem27\Problem27.vcxproj", "{B6555A13-28E2-4F2E-95F5-3ED9EEB43005}"
EndProject
Project("{8BC9CEB8-8B4A-11D0-8D11-00A0C91BC942}") = "Problem28", "Problem28\Problem28.vcxproj", "{6CBFB35E-8877-44E8-AC16-F073332B71F2}"
EndProject
Project("{8BC9CEB8-8B4A-11D0-8D11-00A0C91BC942}") = "Problem50", "Problem50\Problem50.vcxproj", "{C5E63328-1CF0-4804-AFCB-8E52EF691B04}"
EndProject
Project("{8BC9CEB8-8B4A-11D0-8D11-00A0C91BC942}") = "Helpers", "Helpers\Helpers.vcxproj", "{39A67161-C145-49FC-A1F4-B4811AAA1D92}"
EndProject
Project("{8BC9CEB8-8B4A-11D0-8D11-00A0C91BC942}") = "Problem50Test", "Problem50Test\Problem50Test.vcxproj", "{49966ED1-781C-4EF1-99EA-259C4D748F84}"
	ProjectSection(ProjectDependencies) = postProject
		{C5E63328-1CF0-4804-AFCB-8E52EF691B04} = {C5E63328-1CF0-4804-AFCB-8E52EF691B04}
	EndProjectSection
EndProject
Project("{8BC9CEB8-8B4A-11D0-8D11-00A0C91BC942}") = "Problem45", "Problem45\Problem45.vcxproj", "{7C994A8C-85CA-4B4F-923D-18C53E8D96F7}"
EndProject
Global
	GlobalSection(SolutionConfigurationPlatforms) = preSolution
		Debug|ARM = Debug|ARM
		Debug|x64 = Debug|x64
		Debug|x86 = Debug|x86
		Release|ARM = Release|ARM
		Release|x64 = Release|x64
		Release|x86 = Release|x86
	EndGlobalSection
	GlobalSection(ProjectConfigurationPlatforms) = postSolution
		{F1A98FDC-CDF5-4874-80D3-513A93B343F2}.Debug|ARM.ActiveCfg = Debug|Win32
		{F1A98FDC-CDF5-4874-80D3-513A93B343F2}.Debug|x64.ActiveCfg = Debug|x64
		{F1A98FDC-CDF5-4874-80D3-513A93B343F2}.Debug|x64.Build.0 = Debug|x64
		{F1A98FDC-CDF5-4874-80D3-513A93B343F2}.Debug|x86.ActiveCfg = Debug|Win32
		{F1A98FDC-CDF5-4874-80D3-513A93B343F2}.Debug|x86.Build.0 = Debug|Win32
		{F1A98FDC-CDF5-4874-80D3-513A93B343F2}.Release|ARM.ActiveCfg = Release|Win32
		{F1A98FDC-CDF5-4874-80D3-513A93B343F2}.Release|x64.ActiveCfg = Release|x64
		{F1A98FDC-CDF5-4874-80D3-513A93B343F2}.Release|x64.Build.0 = Release|x64
		{F1A98FDC-CDF5-4874-80D3-513A93B343F2}.Release|x86.ActiveCfg = Release|Win32
		{F1A98FDC-CDF5-4874-80D3-513A93B343F2}.Release|x86.Build.0 = Release|Win32
		{50D771F1-2DE4-43FB-879E-A3EAB381CB9B}.Debug|ARM.ActiveCfg = Debug|Win32
		{50D771F1-2DE4-43FB-879E-A3EAB381CB9B}.Debug|x64.ActiveCfg = Debug|x64
		{50D771F1-2DE4-43FB-879E-A3EAB381CB9B}.Debug|x64.Build.0 = Debug|x64
		{50D771F1-2DE4-43FB-879E-A3EAB381CB9B}.Debug|x86.ActiveCfg = Debug|Win32
		{50D771F1-2DE4-43FB-879E-A3EAB381CB9B}.Debug|x86.Build.0 = Debug|Win32
		{50D771F1-2DE4-43FB-879E-A3EAB381CB9B}.Release|ARM.ActiveCfg = Release|Win32
		{50D771F1-2DE4-43FB-879E-A3EAB381CB9B}.Release|x64.ActiveCfg = Release|x64
		{50D771F1-2DE4-43FB-879E-A3EAB381CB9B}.Release|x64.Build.0 = Release|x64
		{50D771F1-2DE4-43FB-879E-A3EAB381CB9B}.Release|x86.ActiveCfg = Release|Win32
		{50D771F1-2DE4-43FB-879E-A3EAB381CB9B}.Release|x86.Build.0 = Release|Win32
		{B6555A13-28E2-4F2E-95F5-3ED9EEB43005}.Debug|ARM.ActiveCfg = Debug|Win32
		{B6555A13-28E2-4F2E-95F5-3ED9EEB43005}.Debug|x64.ActiveCfg = Debug|x64
		{B6555A13-28E2-4F2E-95F5-3ED9EEB43005}.Debug|x64.Build.0 = Debug|x64
		{B6555A13-28E2-4F2E-95F5-3ED9EEB43005}.Debug|x86.ActiveCfg = Debug|Win32
		{B6555A13-28E2-4F2E-95F5-3ED9EEB43005}.Debug|x86.Build.0 = Debug|Win32
		{B6555A13-28E2-4F2E-95F5-3ED9EEB43005}.Release|ARM.ActiveCfg = Release|Win32
		{B6555A13-28E2-4F2E-95F5-3ED9EEB43005}.Release|x64.ActiveCfg = Release|x64
		{B6555A13-28E2-4F2E-95F5-3ED9EEB43005}.Release|x64.Build.0 = Release|x64
		{B6555A13-28E2-4F2E-95F5-3ED9EEB43005}.Release|x86.ActiveCfg = Release|Win32
		{B6555A13-28E2-4F2E-95F5-3ED9EEB43005}.Release|x86.Build.0 = Release|Win32
		{6CBFB35E-8877-44E8-AC16-F073332B71F2}.Debug|ARM.ActiveCfg = Debug|Win32
		{6CBFB35E-8877-44E8-AC16-F073332B71F2}.Debug|x64.ActiveCfg = Debug|x64
		{6CBFB35E-8877-44E8-AC16-F073332B71F2}.Debug|x64.Build.0 = Debug|x64
		{6CBFB35E-8877-44E8-AC16-F073332B71F2}.Debug|x86.ActiveCfg = Debug|Win32
		{6CBFB35E-8877-44E8-AC16-F073332B71F2}.Debug|x86.Build.0 = Debug|Win32
		{6CBFB35E-8877-44E8-AC16-F073332B71F2}.Release|ARM.ActiveCfg = Release|Win32
		{6CBFB35E-8877-44E8-AC16-F073332B71F2}.Release|x64.ActiveCfg = Release|x64
		{6CBFB35E-8877-44E8-AC16-F073332B71F2}.Release|x64.Build.0 = Release|x64
		{6CBFB35E-8877-44E8-AC16-F073332B71F2}.Release|x86.ActiveCfg = Release|Win32
		{6CBFB35E-8877-44E8-AC16-F073332B71F2}.Release|x86.Build.0 = Release|Win32
		{C5E63328-1CF0-4804-AFCB-8E52EF691B04}.Debug|ARM.ActiveCfg = Debug|Win32
		{C5E63328-1CF0-4804-AFCB-8E52EF691B04}.Debug|x64.ActiveCfg = Debug|x64
		{C5E63328-1CF0-4804-AFCB-8E52EF691B04}.Debug|x64.Build.0 = Debug|x64
		{C5E63328-1CF0-4804-AFCB-8E52EF691B04}.Debug|x86.ActiveCfg = Debug|Win32
		{C5E63328-1CF0-4804-AFCB-8E52EF691B04}.Debug|x86.Build.0 = Debug|Win32
		{C5E63328-1CF0-4804-AFCB-8E52EF691B04}.Release|ARM.ActiveCfg = Release|Win32
		{C5E63328-1CF0-4804-AFCB-8E52EF691B04}.Release|x64.ActiveCfg = Release|x64
		{C5E63328-1CF0-4804-AFCB-8E52EF691B04}.Release|x64.Build.0 = Release|x64
		{C5E63328-1CF0-4804-AFCB-8E52EF691B04}.Release|x86.ActiveCfg = Release|Win32
		{C5E63328-1CF0-4804-AFCB-8E52EF691B04}.Release|x86.Build.0 = Release|Win32
		{39A67161-C145-49FC-A1F4-B4811AAA1D92}.Debug|ARM.ActiveCfg = Debug|Win32
		{39A67161-C145-49FC-A1F4-B4811AAA1D92}.Debug|x64.ActiveCfg = Debug|x64
		{39A67161-C145-49FC-A1F4-B4811AAA1D92}.Debug|x64.Build.0 = Debug|x64
		{39A67161-C145-49FC-A1F4-B4811AAA1D92}.Debug|x86.ActiveCfg = Debug|Win32
		{39A67161-C145-49FC-A1F4-B4811AAA1D92}.Debug|x86.Build.0 = Debug|Win32
		{39A67161-C145-49FC-A1F4-B4811AAA1D92}.Release|ARM.ActiveCfg = Release|Win32
		{39A67161-C145-49FC-A1F4-B4811AAA1D92}.Release|x64.ActiveCfg = Release|x64
		{39A67161-C145-49FC-A1F4-B4811AAA1D92}.Release|x64.Build.0 = Release|x64
		{39A67161-C145-49FC-A1F4-B4811AAA1D92}.Release|x86.ActiveCfg = Release|Win32
		{39A67161-C145-49FC-A1F4-B4811AAA1D92}.Release|x86.Build.0 = Release|Win32
		{49966ED1-781C-4EF1-99EA-259C4D748F84}.Debug|ARM.ActiveCfg = Debug|Win32
		{49966ED1-781C-4EF1-99EA-259C4D748F84}.Debug|x64.ActiveCfg = Debug|x64
		{49966ED1-781C-4EF1-99EA-259C4D748F84}.Debug|x64.Build.0 = Debug|x64
		{49966ED1-781C-4EF1-99EA-259C4D748F84}.Debug|x86.ActiveCfg = Debug|Win32
		{49966ED1-781C-4EF1-99EA-259C4D748F84}.Debug|x86.Build.0 = Debug|Win32
		{49966ED1-781C-4EF1-99EA-259C4D748F84}.Release|ARM.ActiveCfg = Release|Win32
		{49966ED1-781C-4EF1-99EA-259C4D748F84}.Release|x64.ActiveCfg = Release|x64
		{49966ED1-781C-4EF1-99EA-259C4D748F84}.Release|x64.Build.0 = Release|x64
		{49966ED1-781C-4EF1-99EA-259C4D748F84}.Release|x86.ActiveCfg = Release|Win32
		{49966ED1-781C-4EF1-99EA-259C4D748F84}.Release|x86.Build.0 = Release|Win32
		{7C994A8C-85CA-4B4F-923D-18C53E8D96F7}.Debug|ARM.ActiveCfg = Debug|Win32
		{7C994A8C-85CA-4B4F-923D-18C53E8D96F7}.Debug|x64.ActiveCfg = Debug|x64
		{7C994A8C-85CA-4B4F-923D-18C53E8D96F7}.Debug|x64.Build.0 = Debug|x64
		{7C994A8C-85CA-4B4F-923D-18C53E8D96F7}.Debug|x86.ActiveCfg = Debug|Win32
		{7C994A8C-85CA-4B4F-923D-18C53E8D96F7}.Debug|x86.Build.0 = Debug|Win32
		{7C994A8C-85CA-4B4F-923D-18C53E8D96F7}.Release|ARM.ActiveCfg = Release|Win32
		{7C994A8C-85CA-4B4F-923D-18C53E8D96F7}.Release|x64.ActiveCfg = Release|x64
		{7C994A8C-85CA-4B4F-923D-18C53E8D96F7}.Release|x64.Build.0 = Release|x64
		{7C994A8C-85CA-4B4F-923D-18C53E8D96F7}.Release|x86.ActiveCfg = Release|Win32
		{7C994A8C-85CA-4B4F-923D-18C53E8D96F7}.Release|x86.Build.0 = Release|Win32
	EndGlobalSection
	GlobalSection(SolutionProperties) = preSolution
		HideSolutionNode = FALSE
	EndGlobalSection
EndGlobal
